
Microsoft Visual Studio Solution File, Format Version 12.00
# Visual Studio 15
VisualStudioVersion = 15.0.26228.9
MinimumVisualStudioVersion = 10.0.40219.1
Project("{2150E333-8FDC-42A3-9474-1A3956D46DE8}") = "src", "src", "{708B5D5F-A2E8-421B-AB10-98E36B6495B1}"
EndProject
Project("{9A19103F-16F7-4668-BE54-9A1E7A4F7556}") = "Codinlab.AspNetCore.Authentication.AdfsOAuth", "src\Codinlab.AspNetCore.Authentication.AdfsOAuth\Codinlab.AspNetCore.Authentication.AdfsOAuth.csproj", "{87042B01-5301-4D80-BEBE-B52DE6F3AE70}"
EndProject
Project("{2150E333-8FDC-42A3-9474-1A3956D46DE8}") = "SolutionItems", "SolutionItems", "{21EDA8C5-FF90-4460-AAD3-450B708AD69F}"
	ProjectSection(SolutionItems) = preProject
		LICENSE = LICENSE
		README.md = README.md
	EndProjectSection
EndProject
Global
	GlobalSection(SolutionConfigurationPlatforms) = preSolution
		Debug|Any CPU = Debug|Any CPU
		Release|Any CPU = Release|Any CPU
	EndGlobalSection
	GlobalSection(ProjectConfigurationPlatforms) = postSolution
		{87042B01-5301-4D80-BEBE-B52DE6F3AE70}.Debug|Any CPU.ActiveCfg = Debug|Any CPU
		{87042B01-5301-4D80-BEBE-B52DE6F3AE70}.Debug|Any CPU.Build.0 = Debug|Any CPU
		{87042B01-5301-4D80-BEBE-B52DE6F3AE70}.Release|Any CPU.ActiveCfg = Release|Any CPU
		{87042B01-5301-4D80-BEBE-B52DE6F3AE70}.Release|Any CPU.Build.0 = Release|Any CPU
	EndGlobalSection
	GlobalSection(SolutionProperties) = preSolution
		HideSolutionNode = FALSE
	EndGlobalSection
	GlobalSection(NestedProjects) = preSolution
		{87042B01-5301-4D80-BEBE-B52DE6F3AE70} = {708B5D5F-A2E8-421B-AB10-98E36B6495B1}
	EndGlobalSection
EndGlobal
